
Microsoft Visual Studio Solution File, Format Version 12.00
# Visual Studio Version 16
VisualStudioVersion = 16.0.810.13
MinimumVisualStudioVersion = 10.0.40219.1
Project("{FAE04EC0-301F-11D3-BF4B-00C04F79EFBC}") = "TextualAnalysis", "TextualAnalysis\TextualAnalysis.csproj", "{5A2B34FB-EA84-43AF-A107-82AE3C0DB828}"
EndProject
Project("{FAE04EC0-301F-11D3-BF4B-00C04F79EFBC}") = "StringUtilities", "StringUtilities\StringUtilities.csproj", "{969773A1-49E5-4BF6-9E15-25EAA6085A37}"
EndProject
Project("{FAE04EC0-301F-11D3-BF4B-00C04F79EFBC}") = "MeanMode", "MeanMode\MeanMode.csproj", "{78B862DA-4664-4643-9D3F-7613E77915C6}"
EndProject
Project("{FAE04EC0-301F-11D3-BF4B-00C04F79EFBC}") = "Set", "Set\Set.csproj", "{8FC83ACE-CD72-406A-B9E4-AA03B91862A0}"
EndProject
Project("{FAE04EC0-301F-11D3-BF4B-00C04F79EFBC}") = "UnitTests", "UnitTests\UnitTests.csproj", "{19D7E9ED-58BA-4DE9-AA71-80D3AC56CC5C}"
EndProject
Global
	GlobalSection(SolutionConfigurationPlatforms) = preSolution
		Debug|Any CPU = Debug|Any CPU
		Release|Any CPU = Release|Any CPU
	EndGlobalSection
	GlobalSection(ProjectConfigurationPlatforms) = postSolution
		{5A2B34FB-EA84-43AF-A107-82AE3C0DB828}.Debug|Any CPU.ActiveCfg = Debug|Any CPU
		{5A2B34FB-EA84-43AF-A107-82AE3C0DB828}.Debug|Any CPU.Build.0 = Debug|Any CPU
		{5A2B34FB-EA84-43AF-A107-82AE3C0DB828}.Release|Any CPU.ActiveCfg = Release|Any CPU
		{5A2B34FB-EA84-43AF-A107-82AE3C0DB828}.Release|Any CPU.Build.0 = Release|Any CPU
		{969773A1-49E5-4BF6-9E15-25EAA6085A37}.Debug|Any CPU.ActiveCfg = Debug|Any CPU
		{969773A1-49E5-4BF6-9E15-25EAA6085A37}.Debug|Any CPU.Build.0 = Debug|Any CPU
		{969773A1-49E5-4BF6-9E15-25EAA6085A37}.Release|Any CPU.ActiveCfg = Release|Any CPU
		{969773A1-49E5-4BF6-9E15-25EAA6085A37}.Release|Any CPU.Build.0 = Release|Any CPU
		{78B862DA-4664-4643-9D3F-7613E77915C6}.Debug|Any CPU.ActiveCfg = Debug|Any CPU
		{78B862DA-4664-4643-9D3F-7613E77915C6}.Debug|Any CPU.Build.0 = Debug|Any CPU
		{78B862DA-4664-4643-9D3F-7613E77915C6}.Release|Any CPU.ActiveCfg = Release|Any CPU
		{78B862DA-4664-4643-9D3F-7613E77915C6}.Release|Any CPU.Build.0 = Release|Any CPU
		{8FC83ACE-CD72-406A-B9E4-AA03B91862A0}.Debug|Any CPU.ActiveCfg = Debug|Any CPU
		{8FC83ACE-CD72-406A-B9E4-AA03B91862A0}.Debug|Any CPU.Build.0 = Debug|Any CPU
		{8FC83ACE-CD72-406A-B9E4-AA03B91862A0}.Release|Any CPU.ActiveCfg = Release|Any CPU
		{8FC83ACE-CD72-406A-B9E4-AA03B91862A0}.Release|Any CPU.Build.0 = Release|Any CPU
		{19D7E9ED-58BA-4DE9-AA71-80D3AC56CC5C}.Debug|Any CPU.ActiveCfg = Debug|Any CPU
		{19D7E9ED-58BA-4DE9-AA71-80D3AC56CC5C}.Debug|Any CPU.Build.0 = Debug|Any CPU
		{19D7E9ED-58BA-4DE9-AA71-80D3AC56CC5C}.Release|Any CPU.ActiveCfg = Release|Any CPU
		{19D7E9ED-58BA-4DE9-AA71-80D3AC56CC5C}.Release|Any CPU.Build.0 = Release|Any CPU
	EndGlobalSection
	GlobalSection(SolutionProperties) = preSolution
		HideSolutionNode = FALSE
	EndGlobalSection
	GlobalSection(ExtensibilityGlobals) = postSolution
		SolutionGuid = {632B28D0-181D-43F3-9082-0A053E49DE9B}
	EndGlobalSection
EndGlobal
